
Microsoft Visual Studio Solution File, Format Version 12.00
# Visual Studio Version 16
VisualStudioVersion = 16.0.29418.71
MinimumVisualStudioVersion = 10.0.40219.1
Project("{FAE04EC0-301F-11D3-BF4B-00C04F79EFBC}") = "CalculatorProject", "CalculatorProject\CalculatorProject.csproj", "{67650CF1-FCA4-4B33-9792-66B88EA39656}"
EndProject
Global
	GlobalSection(SolutionConfigurationPlatforms) = preSolution
		Debug|Any CPU = Debug|Any CPU
		Release|Any CPU = Release|Any CPU
	EndGlobalSection
	GlobalSection(ProjectConfigurationPlatforms) = postSolution
		{67650CF1-FCA4-4B33-9792-66B88EA39656}.Debug|Any CPU.ActiveCfg = Debug|Any CPU
		{67650CF1-FCA4-4B33-9792-66B88EA39656}.Debug|Any CPU.Build.0 = Debug|Any CPU
		{67650CF1-FCA4-4B33-9792-66B88EA39656}.Release|Any CPU.ActiveCfg = Release|Any CPU
		{67650CF1-FCA4-4B33-9792-66B88EA39656}.Release|Any CPU.Build.0 = Release|Any CPU
	EndGlobalSection
	GlobalSection(SolutionProperties) = preSolution
		HideSolutionNode = FALSE
	EndGlobalSection
	GlobalSection(ExtensibilityGlobals) = postSolution
		SolutionGuid = {5408EDD3-F3B1-46A6-9A1F-B3CC932419E4}
	EndGlobalSection
EndGlobal
